
Microsoft Visual Studio Solution File, Format Version 12.00
# Visual Studio Version 17
VisualStudioVersion = 17.14.36221.1 d17.14
MinimumVisualStudioVersion = 10.0.40219.1
Project("{888888A0-9F3D-457C-B088-3A5042F75D52}") = "TicTacToe", "TicTacToe.pyproj", "{9B7E452B-1890-4C53-A606-640088C2109F}"
EndProject
Global
	GlobalSection(SolutionConfigurationPlatforms) = preSolution
		Debug|Any CPU = Debug|Any CPU
		Release|Any CPU = Release|Any CPU
	EndGlobalSection
	GlobalSection(ProjectConfigurationPlatforms) = postSolution
		{9B7E452B-1890-4C53-A606-640088C2109F}.Debug|Any CPU.ActiveCfg = Debug|Any CPU
		{9B7E452B-1890-4C53-A606-640088C2109F}.Release|Any CPU.ActiveCfg = Release|Any CPU
	EndGlobalSection
	GlobalSection(SolutionProperties) = preSolution
		HideSolutionNode = FALSE
	EndGlobalSection
	GlobalSection(ExtensibilityGlobals) = postSolution
		SolutionGuid = {8C663C04-07DD-4793-B539-4D5D9C49104B}
	EndGlobalSection
EndGlobal
